
Microsoft Visual Studio Solution File, Format Version 12.00
# Visual Studio Version 17
VisualStudioVersion = 17.2.32519.379
MinimumVisualStudioVersion = 10.0.40219.1
Project("{FAE04EC0-301F-11D3-BF4B-00C04F79EFBC}") = "20.06.2022", "20.06.2022\20.06.2022.csproj", "{4733AE5D-7B79-44D3-85F5-2FBD38F63AAE}"
EndProject
Global
	GlobalSection(SolutionConfigurationPlatforms) = preSolution
		Debug|Any CPU = Debug|Any CPU
		Release|Any CPU = Release|Any CPU
	EndGlobalSection
	GlobalSection(ProjectConfigurationPlatforms) = postSolution
		{4733AE5D-7B79-44D3-85F5-2FBD38F63AAE}.Debug|Any CPU.ActiveCfg = Debug|Any CPU
		{4733AE5D-7B79-44D3-85F5-2FBD38F63AAE}.Debug|Any CPU.Build.0 = Debug|Any CPU
		{4733AE5D-7B79-44D3-85F5-2FBD38F63AAE}.Release|Any CPU.ActiveCfg = Release|Any CPU
		{4733AE5D-7B79-44D3-85F5-2FBD38F63AAE}.Release|Any CPU.Build.0 = Release|Any CPU
	EndGlobalSection
	GlobalSection(SolutionProperties) = preSolution
		HideSolutionNode = FALSE
	EndGlobalSection
	GlobalSection(ExtensibilityGlobals) = postSolution
		SolutionGuid = {63C3DE33-DED0-4C04-97D0-2332CB65DB7F}
	EndGlobalSection
EndGlobal
